
Microsoft Visual Studio Solution File, Format Version 12.00
# Visual Studio Version 16
VisualStudioVersion = 16.0.31702.278
MinimumVisualStudioVersion = 10.0.40219.1
Project("{FAE04EC0-301F-11D3-BF4B-00C04F79EFBC}") = "veriprojesi", "veriprojesi\veriprojesi.csproj", "{7199DEBC-609B-4DBB-9133-672A167F988A}"
EndProject
Global
	GlobalSection(SolutionConfigurationPlatforms) = preSolution
		Debug|Any CPU = Debug|Any CPU
		Release|Any CPU = Release|Any CPU
	EndGlobalSection
	GlobalSection(ProjectConfigurationPlatforms) = postSolution
		{7199DEBC-609B-4DBB-9133-672A167F988A}.Debug|Any CPU.ActiveCfg = Debug|Any CPU
		{7199DEBC-609B-4DBB-9133-672A167F988A}.Debug|Any CPU.Build.0 = Debug|Any CPU
		{7199DEBC-609B-4DBB-9133-672A167F988A}.Release|Any CPU.ActiveCfg = Release|Any CPU
		{7199DEBC-609B-4DBB-9133-672A167F988A}.Release|Any CPU.Build.0 = Release|Any CPU
	EndGlobalSection
	GlobalSection(SolutionProperties) = preSolution
		HideSolutionNode = FALSE
	EndGlobalSection
	GlobalSection(ExtensibilityGlobals) = postSolution
		SolutionGuid = {C6B83BC1-89F6-40E2-9091-254DD762420F}
	EndGlobalSection
EndGlobal
